PODS:
  - SnapKit (4.2.0)
  - SVProgressHUD (2.2.5)

DEPENDENCIES:
  - SnapKit
  - SVProgressHUD

SPEC REPOS:
  trunk:
    - SnapKit
    - SVProgressHUD

SPEC CHECKSUMS:
  SnapKit: fe8a619752f3f27075cc9a90244d75c6c3f27e2a
  SVProgressHUD: 1428aafac632c1f86f62aa4243ec12008d7a51d6

PODFILE CHECKSUM: fa2c96c0c74f75a5938fe1b414fb00df1fca6abc

COCOAPODS: 1.15.2
